
Microsoft Visual Studio Solution File, Format Version 12.00
# Visual Studio Version 16
VisualStudioVersion = 16.0.29025.244
MinimumVisualStudioVersion = 10.0.40219.1
Project("{FAE04EC0-301F-11D3-BF4B-00C04F79EFBC}") = "AsyncTcpClient", "AsyncTcpClient\AsyncTcpClient.csproj", "{813E2CC8-693B-467C-BCCF-763BCEDFB189}"
EndProject
Project("{FAE04EC0-301F-11D3-BF4B-00C04F79EFBC}") = "AsyncTcpServer", "AsyncTcpServer\AsyncTcpServer.csproj", "{C546BDB2-6BCC-4F4B-A901-C974A8BB7937}"
EndProject
Global
	GlobalSection(SolutionConfigurationPlatforms) = preSolution
		Debug|Any CPU = Debug|Any CPU
		Release|Any CPU = Release|Any CPU
	EndGlobalSection
	GlobalSection(ProjectConfigurationPlatforms) = postSolution
		{813E2CC8-693B-467C-BCCF-763BCEDFB189}.Debug|Any CPU.ActiveCfg = Debug|Any CPU
		{813E2CC8-693B-467C-BCCF-763BCEDFB189}.Debug|Any CPU.Build.0 = Debug|Any CPU
		{813E2CC8-693B-467C-BCCF-763BCEDFB189}.Release|Any CPU.ActiveCfg = Release|Any CPU
		{813E2CC8-693B-467C-BCCF-763BCEDFB189}.Release|Any CPU.Build.0 = Release|Any CPU
		{C546BDB2-6BCC-4F4B-A901-C974A8BB7937}.Debug|Any CPU.ActiveCfg = Debug|Any CPU
		{C546BDB2-6BCC-4F4B-A901-C974A8BB7937}.Debug|Any CPU.Build.0 = Debug|Any CPU
		{C546BDB2-6BCC-4F4B-A901-C974A8BB7937}.Release|Any CPU.ActiveCfg = Release|Any CPU
		{C546BDB2-6BCC-4F4B-A901-C974A8BB7937}.Release|Any CPU.Build.0 = Release|Any CPU
	EndGlobalSection
	GlobalSection(SolutionProperties) = preSolution
		HideSolutionNode = FALSE
	EndGlobalSection
	GlobalSection(ExtensibilityGlobals) = postSolution
		SolutionGuid = {E44E6D5D-3815-4329-82E4-DAE690BDD785}
	EndGlobalSection
EndGlobal
